
Microsoft Visual Studio Solution File, Format Version 12.00
# Visual Studio Version 16
VisualStudioVersion = 16.0.31410.357
MinimumVisualStudioVersion = 10.0.40219.1
Project("{FAE04EC0-301F-11D3-BF4B-00C04F79EFBC}") = "AdventOfCode", "AdventOfCode\AdventOfCode.csproj", "{68A53A9A-3D44-48C4-B308-7D704692B809}"
EndProject
Global
	GlobalSection(SolutionConfigurationPlatforms) = preSolution
		Debug|Any CPU = Debug|Any CPU
		Release|Any CPU = Release|Any CPU
	EndGlobalSection
	GlobalSection(ProjectConfigurationPlatforms) = postSolution
		{68A53A9A-3D44-48C4-B308-7D704692B809}.Debug|Any CPU.ActiveCfg = Debug|Any CPU
		{68A53A9A-3D44-48C4-B308-7D704692B809}.Debug|Any CPU.Build.0 = Debug|Any CPU
		{68A53A9A-3D44-48C4-B308-7D704692B809}.Release|Any CPU.ActiveCfg = Release|Any CPU
		{68A53A9A-3D44-48C4-B308-7D704692B809}.Release|Any CPU.Build.0 = Release|Any CPU
	EndGlobalSection
	GlobalSection(SolutionProperties) = preSolution
		HideSolutionNode = FALSE
	EndGlobalSection
	GlobalSection(ExtensibilityGlobals) = postSolution
		SolutionGuid = {920BDB8D-4642-471C-9C8E-F63B29A9A2AA}
	EndGlobalSection
EndGlobal
